[
  {
    "name": "goreleaser",
    "revision": "96d1259aefb7350ebc4fbcc0718447fe30321151",
    "version": "1.23.0",
    "datetime": "2023-12-31T16:10:42Z"
  },
  {
    "name": "gotools",
    "revision": "c5e85c459830b30d1e54ca4ae0d4d37fc23adbe2",
    "version": "0.7.0",
    "datetime": "2023-12-14T15:01:40Z"
  },
  {
    "name": "delve",
    "revision": "96d1259aefb7350ebc4fbcc0718447fe30321151",
    "version": "1.21.2",
    "datetime": "2023-12-31T16:10:42Z"
  },
  {
    "name": "cacert",
    "revision": "96d1259aefb7350ebc4fbcc0718447fe30321151",
    "version": "3.95",
    "datetime": "2023-12-31T16:10:42Z"
  },
  {
    "name": "go",
    "revision": "eeee184c00a7e542d2a837252a0ed4e74dd27dc5",
    "version": "1.21.4",
    "datetime": "2023-12-08T11:56:41Z"
  }
]