{
  "nodes": {
    "nixpkgs": {
      "locked": {
        "lastModified": 1717932511,
        "narHash": "sha256-Zn451V+zFWKYUJuhWWs+3cwg5i4OB50JwGJei+O9wnI=",
        "owner": "NixOS",
        "repo": "nixpkgs",
        "rev": "7cf6063c54d484a6fc9a575b479e368c7116c068",
        "type": "github"
      },
      "original": {
        "owner": "NixOS",
        "repo": "nixpkgs",
        "type": "github"
      }
    },
    "root": {
      "inputs": {
        "nixpkgs": "nixpkgs"
      }
    }
  },
  "root": "root",
  "version": 7
}
