{
  "nodes": {
    "nixpkgs": {
      "locked": {
        "lastModified": 1705916986,
        "narHash": "sha256-iBpfltu6QvN4xMpen6jGGEb6jOqmmVQKUrXdOJ32u8w=",
        "owner": "nixos",
        "repo": "nixpkgs",
        "rev": "d7f206b723e42edb09d9d753020a84b3061a79d8",
        "type": "github"
      },
      "original": {
        "owner": "nixos",
        "ref": "nixos-23.11",
        "repo": "nixpkgs",
        "type": "github"
      }
    },
    "nixpkgs-1ebb7d7bba2953a4223956cfb5f068b0095f84a7": {
      "locked": {
        "lastModified": 1702939464,
        "narHash": "sha256-mZqoH5fXxh8UxjUKpqi09UBXEPpz4w+2Ef0AVTLuF+g=",
        "owner": "nixos",
        "repo": "nixpkgs",
        "rev": "1ebb7d7bba2953a4223956cfb5f068b0095f84a7",
        "type": "github"
      },
      "original": {
        "owner": "nixos",
        "repo": "nixpkgs",
        "rev": "1ebb7d7bba2953a4223956cfb5f068b0095f84a7",
        "type": "github"
      }
    },
    "nixpkgs-a6515b40d18282e1deee8129209998b4b62e4bec": {
      "locked": {
        "lastModified": 1702672590,
        "narHash": "sha256-hWKBfHn6MGm2FlXDP6RxzX1daDAHdwUhHP5/EVz1myA=",
        "owner": "nixos",
        "repo": "nixpkgs",
        "rev": "a6515b40d18282e1deee8129209998b4b62e4bec",
        "type": "github"
      },
      "original": {
        "owner": "nixos",
        "repo": "nixpkgs",
        "rev": "a6515b40d18282e1deee8129209998b4b62e4bec",
        "type": "github"
      }
    },
    "nixpkgs-ac5c1886fd9fe49748d7ab80accc4c847481df14": {
      "locked": {
        "lastModified": 1702838883,
        "narHash": "sha256-R01Ga1NsBsZsNkLrnhuw+6gJIKtz9B15L9vybTlLpko=",
        "owner": "nixos",
        "repo": "nixpkgs",
        "rev": "ac5c1886fd9fe49748d7ab80accc4c847481df14",
        "type": "github"
      },
      "original": {
        "owner": "nixos",
        "repo": "nixpkgs",
        "rev": "ac5c1886fd9fe49748d7ab80accc4c847481df14",
        "type": "github"
      }
    },
    "root": {
      "inputs": {
        "nixpkgs": "nixpkgs",
        "nixpkgs-1ebb7d7bba2953a4223956cfb5f068b0095f84a7": "nixpkgs-1ebb7d7bba2953a4223956cfb5f068b0095f84a7",
        "nixpkgs-a6515b40d18282e1deee8129209998b4b62e4bec": "nixpkgs-a6515b40d18282e1deee8129209998b4b62e4bec",
        "nixpkgs-ac5c1886fd9fe49748d7ab80accc4c847481df14": "nixpkgs-ac5c1886fd9fe49748d7ab80accc4c847481df14"
      }
    }
  },
  "root": "root",
  "version": 7
}
