{
  "nodes": {
    "nixpkgs": {
      "locked": {
        "lastModified": 1703992652,
        "narHash": "sha256-C0o8AUyu8xYgJ36kOxJfXIroy9if/G6aJbNOpA5W0+M=",
        "owner": "nixos",
        "repo": "nixpkgs",
        "rev": "32f63574c85fbc80e4ba1fbb932cde9619bad25e",
        "type": "github"
      },
      "original": {
        "owner": "nixos",
        "ref": "nixos-23.11",
        "repo": "nixpkgs",
        "type": "github"
      }
    },
    "nixpkgs-96d1259aefb7350ebc4fbcc0718447fe30321151": {
      "locked": {
        "lastModified": 1704039042,
        "narHash": "sha256-Jp2phJiZgMyj59Czp9KS2AWghBvVKyA+BQDsigJezBw=",
        "owner": "nixos",
        "repo": "nixpkgs",
        "rev": "96d1259aefb7350ebc4fbcc0718447fe30321151",
        "type": "github"
      },
      "original": {
        "owner": "nixos",
        "repo": "nixpkgs",
        "rev": "96d1259aefb7350ebc4fbcc0718447fe30321151",
        "type": "github"
      }
    },
    "nixpkgs-c5e85c459830b30d1e54ca4ae0d4d37fc23adbe2": {
      "locked": {
        "lastModified": 1702566100,
        "narHash": "sha256-OdtYcnsZum3jdpbs8CmMKkti8IYdaC1Pbcks9qD+5ww=",
        "owner": "nixos",
        "repo": "nixpkgs",
        "rev": "c5e85c459830b30d1e54ca4ae0d4d37fc23adbe2",
        "type": "github"
      },
      "original": {
        "owner": "nixos",
        "repo": "nixpkgs",
        "rev": "c5e85c459830b30d1e54ca4ae0d4d37fc23adbe2",
        "type": "github"
      }
    },
    "nixpkgs-eeee184c00a7e542d2a837252a0ed4e74dd27dc5": {
      "locked": {
        "lastModified": 1702036601,
        "narHash": "sha256-BifCiVzEBGSIU/Ta5C2AhhLTjYIrpCP2Qd+KF1QB8p8=",
        "owner": "nixos",
        "repo": "nixpkgs",
        "rev": "eeee184c00a7e542d2a837252a0ed4e74dd27dc5",
        "type": "github"
      },
      "original": {
        "owner": "nixos",
        "repo": "nixpkgs",
        "rev": "eeee184c00a7e542d2a837252a0ed4e74dd27dc5",
        "type": "github"
      }
    },
    "root": {
      "inputs": {
        "nixpkgs": "nixpkgs",
        "nixpkgs-96d1259aefb7350ebc4fbcc0718447fe30321151": "nixpkgs-96d1259aefb7350ebc4fbcc0718447fe30321151",
        "nixpkgs-c5e85c459830b30d1e54ca4ae0d4d37fc23adbe2": "nixpkgs-c5e85c459830b30d1e54ca4ae0d4d37fc23adbe2",
        "nixpkgs-eeee184c00a7e542d2a837252a0ed4e74dd27dc5": "nixpkgs-eeee184c00a7e542d2a837252a0ed4e74dd27dc5"
      }
    }
  },
  "root": "root",
  "version": 7
}
