{
  "nodes": {
    "nixpkgs": {
      "locked": {
        "lastModified": 1703467016,
        "narHash": "sha256-/5A/dNPhbQx/Oa2d+Get174eNI3LERQ7u6WTWOlR1eQ=",
        "owner": "nixos",
        "repo": "nixpkgs",
        "rev": "d02d818f22c777aa4e854efc3242ec451e5d462a",
        "type": "github"
      },
      "original": {
        "owner": "nixos",
        "ref": "nixos-23.11",
        "repo": "nixpkgs",
        "type": "github"
      }
    },
    "nixpkgs-a89ba043dda559ebc57fc6f1fa8cf3a0b207f688": {
      "locked": {
        "lastModified": 1702556830,
        "narHash": "sha256-74WdfX3AKyvg4dhcw8gDnyeTdpa44IriTKoXJRZGKmE=",
        "owner": "nixos",
        "repo": "nixpkgs",
        "rev": "a89ba043dda559ebc57fc6f1fa8cf3a0b207f688",
        "type": "github"
      },
      "original": {
        "owner": "nixos",
        "repo": "nixpkgs",
        "rev": "a89ba043dda559ebc57fc6f1fa8cf3a0b207f688",
        "type": "github"
      }
    },
    "nixpkgs-eeee184c00a7e542d2a837252a0ed4e74dd27dc5": {
      "locked": {
        "lastModified": 1702036601,
        "narHash": "sha256-BifCiVzEBGSIU/Ta5C2AhhLTjYIrpCP2Qd+KF1QB8p8=",
        "owner": "nixos",
        "repo": "nixpkgs",
        "rev": "eeee184c00a7e542d2a837252a0ed4e74dd27dc5",
        "type": "github"
      },
      "original": {
        "owner": "nixos",
        "repo": "nixpkgs",
        "rev": "eeee184c00a7e542d2a837252a0ed4e74dd27dc5",
        "type": "github"
      }
    },
    "root": {
      "inputs": {
        "nixpkgs": "nixpkgs",
        "nixpkgs-a89ba043dda559ebc57fc6f1fa8cf3a0b207f688": "nixpkgs-a89ba043dda559ebc57fc6f1fa8cf3a0b207f688",
        "nixpkgs-eeee184c00a7e542d2a837252a0ed4e74dd27dc5": "nixpkgs-eeee184c00a7e542d2a837252a0ed4e74dd27dc5"
      }
    }
  },
  "root": "root",
  "version": 7
}
